
Microsoft Visual Studio Solution File, Format Version 12.00
# Visual Studio 15
VisualStudioVersion = 15.0.28307.757
MinimumVisualStudioVersion = 10.0.40219.1
Project("{FAE04EC0-301F-11D3-BF4B-00C04F79EFBC}") = "hm_process", "hm_process\hm_process.csproj", "{748CA0CE-31A9-42B0-8420-1862DF231E3B}"
EndProject
Project("{D954291E-2A0B-460D-934E-DC6B0785DB48}") = "hm_process_shared", "hm_process_shared\hm_process_shared.shproj", "{CC6A1327-B7D6-4830-A6A4-A782B094B2C8}"
EndProject
Global
	GlobalSection(SharedMSBuildProjectFiles) = preSolution
		hm_process_shared\hm_process_shared.projitems*{748ca0ce-31a9-42b0-8420-1862df231e3b}*SharedItemsImports = 4
		hm_process_shared\hm_process_shared.projitems*{cc6a1327-b7d6-4830-a6a4-a782b094b2c8}*SharedItemsImports = 13
	EndGlobalSection
	GlobalSection(SolutionConfigurationPlatforms) = preSolution
		Debug|Any CPU = Debug|Any CPU
		Release|Any CPU = Release|Any CPU
	EndGlobalSection
	GlobalSection(ProjectConfigurationPlatforms) = postSolution
		{748CA0CE-31A9-42B0-8420-1862DF231E3B}.Debug|Any CPU.ActiveCfg = Debug|Any CPU
		{748CA0CE-31A9-42B0-8420-1862DF231E3B}.Debug|Any CPU.Build.0 = Debug|Any CPU
		{748CA0CE-31A9-42B0-8420-1862DF231E3B}.Release|Any CPU.ActiveCfg = Release|Any CPU
		{748CA0CE-31A9-42B0-8420-1862DF231E3B}.Release|Any CPU.Build.0 = Release|Any CPU
	EndGlobalSection
	GlobalSection(SolutionProperties) = preSolution
		HideSolutionNode = FALSE
	EndGlobalSection
	GlobalSection(ExtensibilityGlobals) = postSolution
		SolutionGuid = {49B2AD07-227E-4B9C-AA1B-13C080F62B51}
	EndGlobalSection
EndGlobal
